
Microsoft Visual Studio Solution File, Format Version 12.00
# Visual Studio 15
VisualStudioVersion = 15.0.28010.2048
MinimumVisualStudioVersion = 10.0.40219.1
Project("{FAE04EC0-301F-11D3-BF4B-00C04F79EFBC}") = "Test", "Test\Test.csproj", "{22981049-F179-495F-9F54-DF281DB82EC9}"
EndProject
Global
	GlobalSection(SolutionConfigurationPlatforms) = preSolution
		Debug|Any CPU = Debug|Any CPU
		Release|Any CPU = Release|Any CPU
	EndGlobalSection
	GlobalSection(ProjectConfigurationPlatforms) = postSolution
		{22981049-F179-495F-9F54-DF281DB82EC9}.Debug|Any CPU.ActiveCfg = Debug|Any CPU
		{22981049-F179-495F-9F54-DF281DB82EC9}.Debug|Any CPU.Build.0 = Debug|Any CPU
		{22981049-F179-495F-9F54-DF281DB82EC9}.Release|Any CPU.ActiveCfg = Release|Any CPU
		{22981049-F179-495F-9F54-DF281DB82EC9}.Release|Any CPU.Build.0 = Release|Any CPU
	EndGlobalSection
	GlobalSection(SolutionProperties) = preSolution
		HideSolutionNode = FALSE
	EndGlobalSection
	GlobalSection(ExtensibilityGlobals) = postSolution
		SolutionGuid = {7EA6CA9D-B916-4B0D-A9F9-EBBDC16B8B4E}
	EndGlobalSection
EndGlobal
