
Microsoft Visual Studio Solution File, Format Version 12.00
# Visual Studio 15
VisualStudioVersion = 15.0.28010.2048
MinimumVisualStudioVersion = 10.0.40219.1
Project("{FAE04EC0-301F-11D3-BF4B-00C04F79EFBC}") = "AscendingHours", "AscendingHours\AscendingHours.csproj", "{64004020-9318-4380-BD7F-EEBA7B6AB27D}"
EndProject
Global
	GlobalSection(SolutionConfigurationPlatforms) = preSolution
		Debug|Any CPU = Debug|Any CPU
		Release|Any CPU = Release|Any CPU
	EndGlobalSection
	GlobalSection(ProjectConfigurationPlatforms) = postSolution
		{64004020-9318-4380-BD7F-EEBA7B6AB27D}.Debug|Any CPU.ActiveCfg = Debug|Any CPU
		{64004020-9318-4380-BD7F-EEBA7B6AB27D}.Debug|Any CPU.Build.0 = Debug|Any CPU
		{64004020-9318-4380-BD7F-EEBA7B6AB27D}.Release|Any CPU.ActiveCfg = Release|Any CPU
		{64004020-9318-4380-BD7F-EEBA7B6AB27D}.Release|Any CPU.Build.0 = Release|Any CPU
	EndGlobalSection
	GlobalSection(SolutionProperties) = preSolution
		HideSolutionNode = FALSE
	EndGlobalSection
	GlobalSection(ExtensibilityGlobals) = postSolution
		SolutionGuid = {56694F97-9A52-47EF-81D0-93C6BEB18A30}
	EndGlobalSection
EndGlobal
