
Microsoft Visual Studio Solution File, Format Version 12.00
# Visual Studio 15
VisualStudioVersion = 15.0.28010.2048
MinimumVisualStudioVersion = 10.0.40219.1
Project("{FAE04EC0-301F-11D3-BF4B-00C04F79EFBC}") = "WebApplication1", "WebApplication1\WebApplication1.csproj", "{ADE8311C-3631-4E8E-A9FC-9A579D7CAEC9}"
EndProject
Global
	GlobalSection(SolutionConfigurationPlatforms) = preSolution
		Debug|Any CPU = Debug|Any CPU
		Release|Any CPU = Release|Any CPU
	EndGlobalSection
	GlobalSection(ProjectConfigurationPlatforms) = postSolution
		{ADE8311C-3631-4E8E-A9FC-9A579D7CAEC9}.Debug|Any CPU.ActiveCfg = Debug|Any CPU
		{ADE8311C-3631-4E8E-A9FC-9A579D7CAEC9}.Debug|Any CPU.Build.0 = Debug|Any CPU
		{ADE8311C-3631-4E8E-A9FC-9A579D7CAEC9}.Release|Any CPU.ActiveCfg = Release|Any CPU
		{ADE8311C-3631-4E8E-A9FC-9A579D7CAEC9}.Release|Any CPU.Build.0 = Release|Any CPU
	EndGlobalSection
	GlobalSection(SolutionProperties) = preSolution
		HideSolutionNode = FALSE
	EndGlobalSection
	GlobalSection(ExtensibilityGlobals) = postSolution
		SolutionGuid = {8F6314F8-B4C3-46E2-9503-42D520E1552C}
	EndGlobalSection
EndGlobal
