
Microsoft Visual Studio Solution File, Format Version 12.00
# Visual Studio 15
VisualStudioVersion = 15.0.28010.2048
MinimumVisualStudioVersion = 10.0.40219.1
Project("{00D1A9C2-B5F0-4AF3-8072-F6C62B433612}") = "Database1", "Database1\Database1.sqlproj", "{3BF0038D-7959-4C6E-849C-12B1742EAAA8}"
EndProject
Global
	GlobalSection(SolutionConfigurationPlatforms) = preSolution
		Debug|Any CPU = Debug|Any CPU
		Release|Any CPU = Release|Any CPU
	EndGlobalSection
	GlobalSection(ProjectConfigurationPlatforms) = postSolution
		{3BF0038D-7959-4C6E-849C-12B1742EAAA8}.Debug|Any CPU.ActiveCfg = Debug|Any CPU
		{3BF0038D-7959-4C6E-849C-12B1742EAAA8}.Debug|Any CPU.Build.0 = Debug|Any CPU
		{3BF0038D-7959-4C6E-849C-12B1742EAAA8}.Debug|Any CPU.Deploy.0 = Debug|Any CPU
		{3BF0038D-7959-4C6E-849C-12B1742EAAA8}.Release|Any CPU.ActiveCfg = Release|Any CPU
		{3BF0038D-7959-4C6E-849C-12B1742EAAA8}.Release|Any CPU.Build.0 = Release|Any CPU
		{3BF0038D-7959-4C6E-849C-12B1742EAAA8}.Release|Any CPU.Deploy.0 = Release|Any CPU
	EndGlobalSection
	GlobalSection(SolutionProperties) = preSolution
		HideSolutionNode = FALSE
	EndGlobalSection
	GlobalSection(ExtensibilityGlobals) = postSolution
		SolutionGuid = {D9229C87-0580-4F4F-8F68-1A67D399CEC3}
	EndGlobalSection
EndGlobal
