
Microsoft Visual Studio Solution File, Format Version 12.00
# Visual Studio 15
VisualStudioVersion = 15.0.28010.2048
MinimumVisualStudioVersion = 10.0.40219.1
Project("{FAE04EC0-301F-11D3-BF4B-00C04F79EFBC}") = "App1", "App1\App1.csproj", "{67598763-94C6-4214-85BD-848D028343A1}"
EndProject
Global
	GlobalSection(SolutionConfigurationPlatforms) = preSolution
		Debug|ARM = Debug|ARM
		Debug|x64 = Debug|x64
		Debug|x86 = Debug|x86
		Release|ARM = Release|ARM
		Release|x64 = Release|x64
		Release|x86 = Release|x86
	EndGlobalSection
	GlobalSection(ProjectConfigurationPlatforms) = postSolution
		{67598763-94C6-4214-85BD-848D028343A1}.Debug|ARM.ActiveCfg = Debug|ARM
		{67598763-94C6-4214-85BD-848D028343A1}.Debug|ARM.Build.0 = Debug|ARM
		{67598763-94C6-4214-85BD-848D028343A1}.Debug|ARM.Deploy.0 = Debug|ARM
		{67598763-94C6-4214-85BD-848D028343A1}.Debug|x64.ActiveCfg = Debug|x64
		{67598763-94C6-4214-85BD-848D028343A1}.Debug|x64.Build.0 = Debug|x64
		{67598763-94C6-4214-85BD-848D028343A1}.Debug|x64.Deploy.0 = Debug|x64
		{67598763-94C6-4214-85BD-848D028343A1}.Debug|x86.ActiveCfg = Debug|x86
		{67598763-94C6-4214-85BD-848D028343A1}.Debug|x86.Build.0 = Debug|x86
		{67598763-94C6-4214-85BD-848D028343A1}.Debug|x86.Deploy.0 = Debug|x86
		{67598763-94C6-4214-85BD-848D028343A1}.Release|ARM.ActiveCfg = Release|ARM
		{67598763-94C6-4214-85BD-848D028343A1}.Release|ARM.Build.0 = Release|ARM
		{67598763-94C6-4214-85BD-848D028343A1}.Release|ARM.Deploy.0 = Release|ARM
		{67598763-94C6-4214-85BD-848D028343A1}.Release|x64.ActiveCfg = Release|x64
		{67598763-94C6-4214-85BD-848D028343A1}.Release|x64.Build.0 = Release|x64
		{67598763-94C6-4214-85BD-848D028343A1}.Release|x64.Deploy.0 = Release|x64
		{67598763-94C6-4214-85BD-848D028343A1}.Release|x86.ActiveCfg = Release|x86
		{67598763-94C6-4214-85BD-848D028343A1}.Release|x86.Build.0 = Release|x86
		{67598763-94C6-4214-85BD-848D028343A1}.Release|x86.Deploy.0 = Release|x86
	EndGlobalSection
	GlobalSection(SolutionProperties) = preSolution
		HideSolutionNode = FALSE
	EndGlobalSection
	GlobalSection(ExtensibilityGlobals) = postSolution
		SolutionGuid = {1719E189-97D6-4310-B359-4F32FDB61590}
	EndGlobalSection
EndGlobal
