
Microsoft Visual Studio Solution File, Format Version 12.00
# Visual Studio 15
VisualStudioVersion = 15.0.28010.2048
MinimumVisualStudioVersion = 10.0.40219.1
Project("{FAE04EC0-301F-11D3-BF4B-00C04F79EFBC}") = "RationalNums", "RationalNums\RationalNums.csproj", "{C648512C-0FC3-4FCC-AB8F-FE89DB41B56D}"
EndProject
Global
	GlobalSection(SolutionConfigurationPlatforms) = preSolution
		Debug|Any CPU = Debug|Any CPU
		Release|Any CPU = Release|Any CPU
	EndGlobalSection
	GlobalSection(ProjectConfigurationPlatforms) = postSolution
		{C648512C-0FC3-4FCC-AB8F-FE89DB41B56D}.Debug|Any CPU.ActiveCfg = Debug|Any CPU
		{C648512C-0FC3-4FCC-AB8F-FE89DB41B56D}.Debug|Any CPU.Build.0 = Debug|Any CPU
		{C648512C-0FC3-4FCC-AB8F-FE89DB41B56D}.Release|Any CPU.ActiveCfg = Release|Any CPU
		{C648512C-0FC3-4FCC-AB8F-FE89DB41B56D}.Release|Any CPU.Build.0 = Release|Any CPU
	EndGlobalSection
	GlobalSection(SolutionProperties) = preSolution
		HideSolutionNode = FALSE
	EndGlobalSection
	GlobalSection(ExtensibilityGlobals) = postSolution
		SolutionGuid = {8BEE75C1-7439-4509-97BE-6BAF2A7396B8}
	EndGlobalSection
EndGlobal
