
Microsoft Visual Studio Solution File, Format Version 12.00
# Visual Studio 15
VisualStudioVersion = 15.0.28010.2048
MinimumVisualStudioVersion = 10.0.40219.1
Project("{FAE04EC0-301F-11D3-BF4B-00C04F79EFBC}") = "Cars", "Cars\Cars.csproj", "{74446FEA-A697-49A6-8AE4-68216181814C}"
EndProject
Global
	GlobalSection(SolutionConfigurationPlatforms) = preSolution
		Debug|Any CPU = Debug|Any CPU
		Release|Any CPU = Release|Any CPU
	EndGlobalSection
	GlobalSection(ProjectConfigurationPlatforms) = postSolution
		{74446FEA-A697-49A6-8AE4-68216181814C}.Debug|Any CPU.ActiveCfg = Debug|Any CPU
		{74446FEA-A697-49A6-8AE4-68216181814C}.Debug|Any CPU.Build.0 = Debug|Any CPU
		{74446FEA-A697-49A6-8AE4-68216181814C}.Release|Any CPU.ActiveCfg = Release|Any CPU
		{74446FEA-A697-49A6-8AE4-68216181814C}.Release|Any CPU.Build.0 = Release|Any CPU
	EndGlobalSection
	GlobalSection(SolutionProperties) = preSolution
		HideSolutionNode = FALSE
	EndGlobalSection
	GlobalSection(ExtensibilityGlobals) = postSolution
		SolutionGuid = {FDA62A63-723B-45F6-8EE2-EA44DC518CB2}
	EndGlobalSection
EndGlobal
