
Microsoft Visual Studio Solution File, Format Version 12.00
# Visual Studio 15
VisualStudioVersion = 15.0.28010.2048
MinimumVisualStudioVersion = 10.0.40219.1
Project("{FAE04EC0-301F-11D3-BF4B-00C04F79EFBC}") = "Lab", "Lab\Lab.csproj", "{1DA5402D-040D-4990-8BF7-56278983B8BD}"
EndProject
Global
	GlobalSection(SolutionConfigurationPlatforms) = preSolution
		Debug|Any CPU = Debug|Any CPU
		Release|Any CPU = Release|Any CPU
	EndGlobalSection
	GlobalSection(ProjectConfigurationPlatforms) = postSolution
		{1DA5402D-040D-4990-8BF7-56278983B8BD}.Debug|Any CPU.ActiveCfg = Debug|Any CPU
		{1DA5402D-040D-4990-8BF7-56278983B8BD}.Debug|Any CPU.Build.0 = Debug|Any CPU
		{1DA5402D-040D-4990-8BF7-56278983B8BD}.Release|Any CPU.ActiveCfg = Release|Any CPU
		{1DA5402D-040D-4990-8BF7-56278983B8BD}.Release|Any CPU.Build.0 = Release|Any CPU
	EndGlobalSection
	GlobalSection(SolutionProperties) = preSolution
		HideSolutionNode = FALSE
	EndGlobalSection
	GlobalSection(ExtensibilityGlobals) = postSolution
		SolutionGuid = {E55235E7-1AB9-4877-8C5A-077962BE29F6}
	EndGlobalSection
EndGlobal
