
Microsoft Visual Studio Solution File, Format Version 12.00
# Visual Studio 15
VisualStudioVersion = 15.0.28010.2048
MinimumVisualStudioVersion = 10.0.40219.1
Project("{FAE04EC0-301F-11D3-BF4B-00C04F79EFBC}") = "ComparableList", "ComparableList\ComparableList.csproj", "{44BF835F-5AD8-4989-A25E-8EB6E9942DE5}"
EndProject
Global
	GlobalSection(SolutionConfigurationPlatforms) = preSolution
		Debug|Any CPU = Debug|Any CPU
		Release|Any CPU = Release|Any CPU
	EndGlobalSection
	GlobalSection(ProjectConfigurationPlatforms) = postSolution
		{44BF835F-5AD8-4989-A25E-8EB6E9942DE5}.Debug|Any CPU.ActiveCfg = Debug|Any CPU
		{44BF835F-5AD8-4989-A25E-8EB6E9942DE5}.Debug|Any CPU.Build.0 = Debug|Any CPU
		{44BF835F-5AD8-4989-A25E-8EB6E9942DE5}.Release|Any CPU.ActiveCfg = Release|Any CPU
		{44BF835F-5AD8-4989-A25E-8EB6E9942DE5}.Release|Any CPU.Build.0 = Release|Any CPU
	EndGlobalSection
	GlobalSection(SolutionProperties) = preSolution
		HideSolutionNode = FALSE
	EndGlobalSection
	GlobalSection(ExtensibilityGlobals) = postSolution
		SolutionGuid = {15D97739-AD4C-4222-96E0-DE2C1C4FF2FC}
	EndGlobalSection
EndGlobal
